
Microsoft Visual Studio Solution File, Format Version 12.00
# Visual Studio Version 16
VisualStudioVersion = 16.0.31605.320
MinimumVisualStudioVersion = 10.0.40219.1
Project("{FAE04EC0-301F-11D3-BF4B-00C04F79EFBC}") = "FreePlay", "FreePlay.csproj", "{5F4C0E6E-9DA7-47CF-A4A3-C5F1AE298FBB}"
EndProject
Global
	GlobalSection(SolutionConfigurationPlatforms) = preSolution
		Debug|Any CPU = Debug|Any CPU
		Release|Any CPU = Release|Any CPU
	EndGlobalSection
	GlobalSection(ProjectConfigurationPlatforms) = postSolution
		{5F4C0E6E-9DA7-47CF-A4A3-C5F1AE298FBB}.Debug|Any CPU.ActiveCfg = Release|Any CPU
		{5F4C0E6E-9DA7-47CF-A4A3-C5F1AE298FBB}.Debug|Any CPU.Build.0 = Release|Any CPU
		{5F4C0E6E-9DA7-47CF-A4A3-C5F1AE298FBB}.Release|Any CPU.ActiveCfg = Release|Any CPU
		{5F4C0E6E-9DA7-47CF-A4A3-C5F1AE298FBB}.Release|Any CPU.Build.0 = Release|Any CPU
	EndGlobalSection
	GlobalSection(SolutionProperties) = preSolution
		HideSolutionNode = FALSE
	EndGlobalSection
	GlobalSection(ExtensibilityGlobals) = postSolution
		SolutionGuid = {74FBC028-02BE-4E33-9DB3-03360AF74173}
	EndGlobalSection
EndGlobal
